
Microsoft Visual Studio Solution File, Format Version 12.00
# Visual Studio Version 17
VisualStudioVersion = 17.1.32421.90
MinimumVisualStudioVersion = 10.0.40219.1
Project("{FAE04EC0-301F-11D3-BF4B-00C04F79EFBC}") = "WindowsFormsPersona", "WindowsFormsPersona.csproj", "{C8593300-A8FB-4E3A-83B2-12C3C2F167F3}"
EndProject
Project("{FAE04EC0-301F-11D3-BF4B-00C04F79EFBC}") = "Dominio", "..\Dominio\Dominio.csproj", "{B2384979-69B6-4E20-895F-6EDDB46F1795}"
EndProject
Project("{FAE04EC0-301F-11D3-BF4B-00C04F79EFBC}") = "Negocio", "..\Negocio\Negocio.csproj", "{02F94035-9CBC-4BE3-B5C9-1C5444122D50}"
EndProject
Global
	GlobalSection(SolutionConfigurationPlatforms) = preSolution
		Debug|Any CPU = Debug|Any CPU
		Release|Any CPU = Release|Any CPU
	EndGlobalSection
	GlobalSection(ProjectConfigurationPlatforms) = postSolution
		{C8593300-A8FB-4E3A-83B2-12C3C2F167F3}.Debug|Any CPU.ActiveCfg = Debug|Any CPU
		{C8593300-A8FB-4E3A-83B2-12C3C2F167F3}.Debug|Any CPU.Build.0 = Debug|Any CPU
		{C8593300-A8FB-4E3A-83B2-12C3C2F167F3}.Release|Any CPU.ActiveCfg = Release|Any CPU
		{C8593300-A8FB-4E3A-83B2-12C3C2F167F3}.Release|Any CPU.Build.0 = Release|Any CPU
		{B2384979-69B6-4E20-895F-6EDDB46F1795}.Debug|Any CPU.ActiveCfg = Debug|Any CPU
		{B2384979-69B6-4E20-895F-6EDDB46F1795}.Debug|Any CPU.Build.0 = Debug|Any CPU
		{B2384979-69B6-4E20-895F-6EDDB46F1795}.Release|Any CPU.ActiveCfg = Release|Any CPU
		{B2384979-69B6-4E20-895F-6EDDB46F1795}.Release|Any CPU.Build.0 = Release|Any CPU
		{02F94035-9CBC-4BE3-B5C9-1C5444122D50}.Debug|Any CPU.ActiveCfg = Debug|Any CPU
		{02F94035-9CBC-4BE3-B5C9-1C5444122D50}.Debug|Any CPU.Build.0 = Debug|Any CPU
		{02F94035-9CBC-4BE3-B5C9-1C5444122D50}.Release|Any CPU.ActiveCfg = Release|Any CPU
		{02F94035-9CBC-4BE3-B5C9-1C5444122D50}.Release|Any CPU.Build.0 = Release|Any CPU
	EndGlobalSection
	GlobalSection(SolutionProperties) = preSolution
		HideSolutionNode = FALSE
	EndGlobalSection
	GlobalSection(ExtensibilityGlobals) = postSolution
		SolutionGuid = {AA2863C4-C17D-4003-94F8-5BADC196DE55}
	EndGlobalSection
EndGlobal
